
Microsoft Visual Studio Solution File, Format Version 12.00
# Visual Studio Version 17
VisualStudioVersion = 17.5.002.0
MinimumVisualStudioVersion = 10.0.40219.1
Project("{9A19103F-16F7-4668-BE54-9A1E7A4F7556}") = "api", "api\api.csproj", "{E561CFD1-5E24-47B6-B395-FB8C38C66F58}"
EndProject
Global
	GlobalSection(SolutionConfigurationPlatforms) = preSolution
		Debug|Any CPU = Debug|Any CPU
		Release|Any CPU = Release|Any CPU
	EndGlobalSection
	GlobalSection(ProjectConfigurationPlatforms) = postSolution
		{E561CFD1-5E24-47B6-B395-FB8C38C66F58}.Debug|Any CPU.ActiveCfg = Debug|Any CPU
		{E561CFD1-5E24-47B6-B395-FB8C38C66F58}.Debug|Any CPU.Build.0 = Debug|Any CPU
		{E561CFD1-5E24-47B6-B395-FB8C38C66F58}.Release|Any CPU.ActiveCfg = Release|Any CPU
		{E561CFD1-5E24-47B6-B395-FB8C38C66F58}.Release|Any CPU.Build.0 = Release|Any CPU
	EndGlobalSection
	GlobalSection(SolutionProperties) = preSolution
		HideSolutionNode = FALSE
	EndGlobalSection
	GlobalSection(ExtensibilityGlobals) = postSolution
		SolutionGuid = {18F97E14-0CF4-4410-8C59-EBF534096AD4}
	EndGlobalSection
EndGlobal
